<Solution>
  <Configurations>
    <Platform Name="x64" />
    <Platform Name="x86" />
  </Configurations>
  <Project Path="../Class10th (Linear Container)/Class10th (Linear Container).vcxproj" Id="10676499-d24a-428e-a6fa-10feb3f171ef" />
  <Project Path="../Class11th (Container Adapter)/Class11th (Container Adapter).vcxproj" Id="dc07f8ce-520b-4a73-8581-61a871ace554" />
  <Project Path="../Class1th (stream)/Class1th (stream).vcxproj" Id="f4a524cf-3460-4dde-9928-ab2b7804a658" />
  <Project Path="../Class2th (Class)/Class2th (Class).vcxproj" Id="084d0d6d-b860-46b4-916f-d40006ab987a" />
  <Project Path="../Class3th (Constructor &amp; Destructor)/Class3th (Constructor &amp; Destructor).vcxproj" Id="1b016f24-ebd2-40e9-b1bb-6e4437f1c77a" />
  <Project Path="../Class4th (Inheritance)/Class4th (Inheritance).vcxproj" Id="c39c4898-5978-4d7c-8e34-01141aa7938f" />
  <Project Path="../Class5th (Polymorphism)/Class5th (Polymorphism).vcxproj" Id="86999f52-4a4b-4b69-bff9-923572e1993b" />
  <Project Path="../Class6th (Abstract)/Class6th (Abstract).vcxproj" Id="627636dc-17de-482a-b118-b641e3a5ba90" />
  <Project Path="../Class7th (Encapsulation)/Class7th (Encapsulation).vcxproj" Id="781a0fb3-7619-4b97-ac36-e3c7b190fca5" />
  <Project Path="../Class8th (Template)/Class8th (Template).vcxproj" Id="b316966f-f6d7-41c3-a92a-8ba21ff6f03b" />
  <Project Path="../Class9th (Smart Pointer)/Class9th (Smart Pointer).vcxproj" Id="8f24e45c-4e62-482f-9553-97cc536adaec" />
  <Project Path="Program.vcxproj" Id="3c9e5a5b-fc57-430a-9eab-78121022db41" />
</Solution>
